
Microsoft Visual Studio Solution File, Format Version 12.00
# Visual Studio 15
VisualStudioVersion = 15.0.28307.960
MinimumVisualStudioVersion = 10.0.40219.1
Project("{FAE04EC0-301F-11D3-BF4B-00C04F79EFBC}") = "LINE_Bot", "LINE_Bot\LINE_Bot.csproj", "{212FCE2D-B2D7-46BC-A9C9-9222DF286DB5}"
EndProject
Global
	GlobalSection(SolutionConfigurationPlatforms) = preSolution
		Debug|Any CPU = Debug|Any CPU
		Release|Any CPU = Release|Any CPU
	EndGlobalSection
	GlobalSection(ProjectConfigurationPlatforms) = postSolution
		{212FCE2D-B2D7-46BC-A9C9-9222DF286DB5}.Debug|Any CPU.ActiveCfg = Debug|Any CPU
		{212FCE2D-B2D7-46BC-A9C9-9222DF286DB5}.Debug|Any CPU.Build.0 = Debug|Any CPU
		{212FCE2D-B2D7-46BC-A9C9-9222DF286DB5}.Release|Any CPU.ActiveCfg = Release|Any CPU
		{212FCE2D-B2D7-46BC-A9C9-9222DF286DB5}.Release|Any CPU.Build.0 = Release|Any CPU
	EndGlobalSection
	GlobalSection(SolutionProperties) = preSolution
		HideSolutionNode = FALSE
	EndGlobalSection
	GlobalSection(ExtensibilityGlobals) = postSolution
		SolutionGuid = {6B5C9FDA-4510-418D-A2FA-D31E759F823F}
	EndGlobalSection
EndGlobal
